
Microsoft Visual Studio Solution File, Format Version 12.00
# Visual Studio 15
VisualStudioVersion = 15.0.28307.136
MinimumVisualStudioVersion = 10.0.40219.1
Project("{9A19103F-16F7-4668-BE54-9A1E7A4F7556}") = "BotTheDocs", "BotTheDocs\BotTheDocs.csproj", "{7DC846AE-211E-448C-A4C0-DFC7FDF03D86}"
EndProject
Project("{FAE04EC0-301F-11D3-BF4B-00C04F79EFBC}") = "BotTheDocs.Common", "BotTheDocs.Common\BotTheDocs.Common.csproj", "{3C6FE50D-6A8E-4FFF-8DB4-D7591893D692}"
EndProject
Project("{FAE04EC0-301F-11D3-BF4B-00C04F79EFBC}") = "BotTheDocs.Services", "BotTheDocs.Services\BotTheDocs.Services.csproj", "{DD93F56C-C421-45D1-8855-6EA213E961AD}"
EndProject
Project("{FAE04EC0-301F-11D3-BF4B-00C04F79EFBC}") = "BotTheDocs.Tester", "BotTheDocs.Tester\BotTheDocs.Tester.csproj", "{1039D99B-5091-442F-ADA4-9B3E7240FBFD}"
EndProject
Project("{9A19103F-16F7-4668-BE54-9A1E7A4F7556}") = "BotTheDocs.Functions", "BotTheDocs.Functions\BotTheDocs.Functions.csproj", "{2AE3F4E0-7C2C-4B41-8FC4-AC35D2B15845}"
EndProject
Global
	GlobalSection(SolutionConfigurationPlatforms) = preSolution
		Debug|Any CPU = Debug|Any CPU
		Release|Any CPU = Release|Any CPU
	EndGlobalSection
	GlobalSection(ProjectConfigurationPlatforms) = postSolution
		{7DC846AE-211E-448C-A4C0-DFC7FDF03D86}.Debug|Any CPU.ActiveCfg = Debug|Any CPU
		{7DC846AE-211E-448C-A4C0-DFC7FDF03D86}.Debug|Any CPU.Build.0 = Debug|Any CPU
		{7DC846AE-211E-448C-A4C0-DFC7FDF03D86}.Release|Any CPU.ActiveCfg = Release|Any CPU
		{7DC846AE-211E-448C-A4C0-DFC7FDF03D86}.Release|Any CPU.Build.0 = Release|Any CPU
		{3C6FE50D-6A8E-4FFF-8DB4-D7591893D692}.Debug|Any CPU.ActiveCfg = Debug|Any CPU
		{3C6FE50D-6A8E-4FFF-8DB4-D7591893D692}.Debug|Any CPU.Build.0 = Debug|Any CPU
		{3C6FE50D-6A8E-4FFF-8DB4-D7591893D692}.Release|Any CPU.ActiveCfg = Release|Any CPU
		{3C6FE50D-6A8E-4FFF-8DB4-D7591893D692}.Release|Any CPU.Build.0 = Release|Any CPU
		{DD93F56C-C421-45D1-8855-6EA213E961AD}.Debug|Any CPU.ActiveCfg = Debug|Any CPU
		{DD93F56C-C421-45D1-8855-6EA213E961AD}.Debug|Any CPU.Build.0 = Debug|Any CPU
		{DD93F56C-C421-45D1-8855-6EA213E961AD}.Release|Any CPU.ActiveCfg = Release|Any CPU
		{DD93F56C-C421-45D1-8855-6EA213E961AD}.Release|Any CPU.Build.0 = Release|Any CPU
		{1039D99B-5091-442F-ADA4-9B3E7240FBFD}.Debug|Any CPU.ActiveCfg = Debug|Any CPU
		{1039D99B-5091-442F-ADA4-9B3E7240FBFD}.Debug|Any CPU.Build.0 = Debug|Any CPU
		{1039D99B-5091-442F-ADA4-9B3E7240FBFD}.Release|Any CPU.ActiveCfg = Release|Any CPU
		{1039D99B-5091-442F-ADA4-9B3E7240FBFD}.Release|Any CPU.Build.0 = Release|Any CPU
		{2AE3F4E0-7C2C-4B41-8FC4-AC35D2B15845}.Debug|Any CPU.ActiveCfg = Debug|Any CPU
		{2AE3F4E0-7C2C-4B41-8FC4-AC35D2B15845}.Debug|Any CPU.Build.0 = Debug|Any CPU
		{2AE3F4E0-7C2C-4B41-8FC4-AC35D2B15845}.Release|Any CPU.ActiveCfg = Release|Any CPU
		{2AE3F4E0-7C2C-4B41-8FC4-AC35D2B15845}.Release|Any CPU.Build.0 = Release|Any CPU
	EndGlobalSection
	GlobalSection(SolutionProperties) = preSolution
		HideSolutionNode = FALSE
	EndGlobalSection
	GlobalSection(ExtensibilityGlobals) = postSolution
		SolutionGuid = {6233DBBB-296D-416B-92C3-349477F86850}
	EndGlobalSection
EndGlobal
